{
  "version": 4,
  "terraform_version": "1.7.5",
  "serial": 103,
  "lineage": "c8a8fcf7-ee74-a1a2-5e47-133b5ca744ae",
  "outputs": {},
  "resources": [
    {
      "mode": "data",
      "type": "aws_ssm_parameter",
      "name": "googlecalendar_agenda_id",
      "provider": "provider[\"registry.terraform.io/hashicorp/aws\"]",
      "instances": [
        {
          "schema_version": 0,
          "attributes": {
            "arn": "arn:aws:ssm:sa-east-1:908440453673:parameter/google/calendar/agenda_id",
            "id": "/google/calendar/agenda_id",
            "insecure_value": "5677e409133bbe8a6a12ccc0db9741a4d7589a0a1a3477778da3760feb2c4c56@group.calendar.google.com",
            "name": "/google/calendar/agenda_id",
            "type": "String",
            "value": "5677e409133bbe8a6a12ccc0db9741a4d7589a0a1a3477778da3760feb2c4c56@group.calendar.google.com",
            "version": 1,
            "with_decryption": true
          },
          "sensitive_attributes": []
        }
      ]
    },
    {
      "mode": "data",
      "type": "aws_ssm_parameter",
      "name": "googlecalendar_client_email",
      "provider": "provider[\"registry.terraform.io/hashicorp/aws\"]",
      "instances": [
        {
          "schema_version": 0,
          "attributes": {
            "arn": "arn:aws:ssm:sa-east-1:908440453673:parameter/google/calendar/client_email",
            "id": "/google/calendar/client_email",
            "insecure_value": "google-calendar-notion-integra@notion-integrations-417010.iam.gserviceaccount.com",
            "name": "/google/calendar/client_email",
            "type": "String",
            "value": "google-calendar-notion-integra@notion-integrations-417010.iam.gserviceaccount.com",
            "version": 1,
            "with_decryption": true
          },
          "sensitive_attributes": []
        }
      ]
    },
    {
      "mode": "data",
      "type": "aws_ssm_parameter",
      "name": "googlecalendar_client_id",
      "provider": "provider[\"registry.terraform.io/hashicorp/aws\"]",
      "instances": [
        {
          "schema_version": 0,
          "attributes": {
            "arn": "arn:aws:ssm:sa-east-1:908440453673:parameter/google/calendar/client_id",
            "id": "/google/calendar/client_id",
            "insecure_value": "113868200485978182695",
            "name": "/google/calendar/client_id",
            "type": "String",
            "value": "113868200485978182695",
            "version": 1,
            "with_decryption": true
          },
          "sensitive_attributes": []
        }
      ]
    },
    {
      "mode": "data",
      "type": "aws_ssm_parameter",
      "name": "googlecalendar_client_x509_cert_url",
      "provider": "provider[\"registry.terraform.io/hashicorp/aws\"]",
      "instances": [
        {
          "schema_version": 0,
          "attributes": {
            "arn": "arn:aws:ssm:sa-east-1:908440453673:parameter/google/calendar/client_x509_cert_url",
            "id": "/google/calendar/client_x509_cert_url",
            "insecure_value": "https://www.googleapis.com/robot/v1/metadata/x509/google-calendar-notion-integra%40notion-integrations-417010.iam.gserviceaccount.com",
            "name": "/google/calendar/client_x509_cert_url",
            "type": "String",
            "value": "https://www.googleapis.com/robot/v1/metadata/x509/google-calendar-notion-integra%40notion-integrations-417010.iam.gserviceaccount.com",
            "version": 1,
            "with_decryption": true
          },
          "sensitive_attributes": []
        }
      ]
    },
    {
      "mode": "data",
      "type": "aws_ssm_parameter",
      "name": "googlecalendar_private_key",
      "provider": "provider[\"registry.terraform.io/hashicorp/aws\"]",
      "instances": [
        {
          "schema_version": 0,
          "attributes": {
            "arn": "arn:aws:ssm:sa-east-1:908440453673:parameter/google/calendar/private_key",
            "id": "/google/calendar/private_key",
            "insecure_value": "-----BEGIN PRIVATE KEY-----\\nMIIEvgIBADANBgkqhkiG9w0BAQEFAASCBKgwggSkAgEAAoIBAQD6hgJ8rYyUfAij\\nzT91Jlmi3pUtab1Bd6Si4nRSZUVtdXt3Deg12KSVsdBaPtlDyiFTksx3KaLiNGu5\\nrAVSu2SwWag5ECO6lMTaSvNZcA1IK0uioJB43FnmmjaR8k2apGbIYJL3w69i5mWW\\nCUHVioxCv5g0LYcDik4RtPyTkokFZz64+9yytxbvplR1v38TwXIy49ZBwZwVyyM/\\nOn0HLRYoensEA/x5hXhVZS/QsZck3JZgGX3E/a2pWXLFfPZX4mBGMoHN415U4+iW\\nXojTEfQDTFG2ISjfY7ESqdRTmPO+rxuMtYEPnmVtdgThXBFP5kwR46aAnU4gktuH\\njB0PxAGnAgMBAAECggEATQyCH05Q+inbjmVFqwYMc2b5gmoO5t+hJud21xCGdc+4\\nFTmVvVnP5Ko3ZkoGEC9OaKGxeMS5b9CngQdC69rucL5iWop4Mp4mnOyIQ22O6C9I\\np8+yHznF/IJZXjGjZHhDlET/bmwkuMobXDWkpcRitvSuHv4RlCkpMZD0TX633Yzz\\nmvy4IaW3mnxh3J+uMPL4bGa4DMDJpuetm/IAQryXHhqvJd2Rx5hCyBJhPzDb/p7c\\neZXaAto8WolAEhTgZ51eZQ165xwSf7YhjmpIlHeK9S1SGzwkfoon9i2CLRIrucfJ\\nSXD23sAfTCgrZtvzCqHE0Dr9LaTwda8q/n+pMDJcQQKBgQD9Zjwkt8s+JvXMRnV5\\nD/tqCv4syczpwTc+q7g2tMvF+ZHZ3xcYghYKvOUfkT52tmoToi6ZitPkijhB5EoQ\\noib4CoJQP+//U245ErBOa+er0iU4wlVUbWksho4VE7mb4Bo34HMmtodeQLEwFJRs\\nS29/UNPQ5y4/TwO+4mqEdNLWyQKBgQD9GDgIeVkpGiDNxecSqCjg5H3QPRBNpCuW\\nFtdrTCvYGYxanyZnopEusks1+Z5e+jkQLHzbEtaHRSlJUyO56Sx4gqmj9P5gBkcv\\nIFx/aQsYh2n22yC58UJSjVwcZApQJd2M73GlsY1S63EpwY97el6FzocAhTzjTBo0\\nMmH36jOc7wKBgQDQmhwC4ib3eF06l/pW+hgvePM7bbk56ayP9A9HQdjKlqRB5kx+\\nCYEZv90i+o+gbJSwqv+PuOCssDiVzdhHDyXjZctXQvtQhp8jbsYjGONz6CBqNFjI\\nkvVVCUPoB//xWTBcNXK2OOcBaWI0QYzaBdO4zJJC1D2XMnXT61JizkVPOQKBgEEP\\ni7/p6dieBda/y/HI1pFRS2JPgDRlQmsXvhKwBwlLMABPryCu8qFNZfYfD+4cZrTY\\nqtPqGMm3JrDZtXJiFXN5K0Chhw6KLpxXtk9uYlLQ5JV3qQcDlOgBvK7zrI8D3NsQ\\n5mcQqGKrcXCpeEfmogvFloC0v30yn/3RAcwoIVJzAoGBAICNRTuFi3QPd1vbXUeF\\nxq9kCmoCZe7B8H4T/W3JEe9fmSAjag9rB50twfC7KK4YlCr2vgzpL65TyggOCSc3\\nKDeSwCmTNP25O98Y5WMpGDil03KTvgId6VIE/DaeQS5hq3BOjqmGcF8l7w5MND/f\\njMLmuO5DXAf99SVI382cz+6W\\n-----END PRIVATE KEY-----",
            "name": "/google/calendar/private_key",
            "type": "String",
            "value": "-----BEGIN PRIVATE KEY-----\\nMIIEvgIBADANBgkqhkiG9w0BAQEFAASCBKgwggSkAgEAAoIBAQD6hgJ8rYyUfAij\\nzT91Jlmi3pUtab1Bd6Si4nRSZUVtdXt3Deg12KSVsdBaPtlDyiFTksx3KaLiNGu5\\nrAVSu2SwWag5ECO6lMTaSvNZcA1IK0uioJB43FnmmjaR8k2apGbIYJL3w69i5mWW\\nCUHVioxCv5g0LYcDik4RtPyTkokFZz64+9yytxbvplR1v38TwXIy49ZBwZwVyyM/\\nOn0HLRYoensEA/x5hXhVZS/QsZck3JZgGX3E/a2pWXLFfPZX4mBGMoHN415U4+iW\\nXojTEfQDTFG2ISjfY7ESqdRTmPO+rxuMtYEPnmVtdgThXBFP5kwR46aAnU4gktuH\\njB0PxAGnAgMBAAECggEATQyCH05Q+inbjmVFqwYMc2b5gmoO5t+hJud21xCGdc+4\\nFTmVvVnP5Ko3ZkoGEC9OaKGxeMS5b9CngQdC69rucL5iWop4Mp4mnOyIQ22O6C9I\\np8+yHznF/IJZXjGjZHhDlET/bmwkuMobXDWkpcRitvSuHv4RlCkpMZD0TX633Yzz\\nmvy4IaW3mnxh3J+uMPL4bGa4DMDJpuetm/IAQryXHhqvJd2Rx5hCyBJhPzDb/p7c\\neZXaAto8WolAEhTgZ51eZQ165xwSf7YhjmpIlHeK9S1SGzwkfoon9i2CLRIrucfJ\\nSXD23sAfTCgrZtvzCqHE0Dr9LaTwda8q/n+pMDJcQQKBgQD9Zjwkt8s+JvXMRnV5\\nD/tqCv4syczpwTc+q7g2tMvF+ZHZ3xcYghYKvOUfkT52tmoToi6ZitPkijhB5EoQ\\noib4CoJQP+//U245ErBOa+er0iU4wlVUbWksho4VE7mb4Bo34HMmtodeQLEwFJRs\\nS29/UNPQ5y4/TwO+4mqEdNLWyQKBgQD9GDgIeVkpGiDNxecSqCjg5H3QPRBNpCuW\\nFtdrTCvYGYxanyZnopEusks1+Z5e+jkQLHzbEtaHRSlJUyO56Sx4gqmj9P5gBkcv\\nIFx/aQsYh2n22yC58UJSjVwcZApQJd2M73GlsY1S63EpwY97el6FzocAhTzjTBo0\\nMmH36jOc7wKBgQDQmhwC4ib3eF06l/pW+hgvePM7bbk56ayP9A9HQdjKlqRB5kx+\\nCYEZv90i+o+gbJSwqv+PuOCssDiVzdhHDyXjZctXQvtQhp8jbsYjGONz6CBqNFjI\\nkvVVCUPoB//xWTBcNXK2OOcBaWI0QYzaBdO4zJJC1D2XMnXT61JizkVPOQKBgEEP\\ni7/p6dieBda/y/HI1pFRS2JPgDRlQmsXvhKwBwlLMABPryCu8qFNZfYfD+4cZrTY\\nqtPqGMm3JrDZtXJiFXN5K0Chhw6KLpxXtk9uYlLQ5JV3qQcDlOgBvK7zrI8D3NsQ\\n5mcQqGKrcXCpeEfmogvFloC0v30yn/3RAcwoIVJzAoGBAICNRTuFi3QPd1vbXUeF\\nxq9kCmoCZe7B8H4T/W3JEe9fmSAjag9rB50twfC7KK4YlCr2vgzpL65TyggOCSc3\\nKDeSwCmTNP25O98Y5WMpGDil03KTvgId6VIE/DaeQS5hq3BOjqmGcF8l7w5MND/f\\njMLmuO5DXAf99SVI382cz+6W\\n-----END PRIVATE KEY-----",
            "version": 1,
            "with_decryption": true
          },
          "sensitive_attributes": []
        }
      ]
    },
    {
      "mode": "data",
      "type": "aws_ssm_parameter",
      "name": "googlecalendar_private_key_id",
      "provider": "provider[\"registry.terraform.io/hashicorp/aws\"]",
      "instances": [
        {
          "schema_version": 0,
          "attributes": {
            "arn": "arn:aws:ssm:sa-east-1:908440453673:parameter/google/calendar/private_key_id",
            "id": "/google/calendar/private_key_id",
            "insecure_value": "699b4e6e40b3fdddd9fc406ffd03177f03dfcef8",
            "name": "/google/calendar/private_key_id",
            "type": "String",
            "value": "699b4e6e40b3fdddd9fc406ffd03177f03dfcef8",
            "version": 1,
            "with_decryption": true
          },
          "sensitive_attributes": []
        }
      ]
    },
    {
      "mode": "data",
      "type": "aws_ssm_parameter",
      "name": "googlecalendar_project_id",
      "provider": "provider[\"registry.terraform.io/hashicorp/aws\"]",
      "instances": [
        {
          "schema_version": 0,
          "attributes": {
            "arn": "arn:aws:ssm:sa-east-1:908440453673:parameter/google/calendar/project_id",
            "id": "/google/calendar/project_id",
            "insecure_value": "notion-integrations-417010",
            "name": "/google/calendar/project_id",
            "type": "String",
            "value": "notion-integrations-417010",
            "version": 1,
            "with_decryption": true
          },
          "sensitive_attributes": []
        }
      ]
    },
    {
      "mode": "data",
      "type": "aws_ssm_parameter",
      "name": "notion_api_key",
      "provider": "provider[\"registry.terraform.io/hashicorp/aws\"]",
      "instances": [
        {
          "schema_version": 0,
          "attributes": {
            "arn": "arn:aws:ssm:sa-east-1:908440453673:parameter/notion/api_key",
            "id": "/notion/api_key",
            "insecure_value": "",
            "name": "/notion/api_key",
            "type": "SecureString",
            "value": "secret_Gdu1D1v96dtAgIoiCKpFnGRCWjNYwuV9AJBJKnGzkc1",
            "version": 1,
            "with_decryption": true
          },
          "sensitive_attributes": []
        }
      ]
    },
    {
      "mode": "managed",
      "type": "aws_cloudwatch_event_rule",
      "name": "plan_next_week_personal_schedule",
      "provider": "provider[\"registry.terraform.io/hashicorp/aws\"]",
      "instances": [
        {
          "schema_version": 1,
          "attributes": {
            "arn": "arn:aws:events:sa-east-1:908440453673:rule/plan_next_week_personal_schedule",
            "description": "Schedule for running the plan_next_week_lambda for personal agenda",
            "event_bus_name": "default",
            "event_pattern": null,
            "id": "plan_next_week_personal_schedule",
            "is_enabled": true,
            "name": "plan_next_week_personal_schedule",
            "name_prefix": "",
            "role_arn": "",
            "schedule_expression": "cron(0 4 * * ? 0)",
            "state": "ENABLED",
            "tags": {},
            "tags_all": {}
          },
          "sensitive_attributes": [],
          "private": "eyJzY2hlbWFfdmVyc2lvbiI6IjEifQ=="
        }
      ]
    },
    {
      "mode": "managed",
      "type": "aws_cloudwatch_event_rule",
      "name": "plan_next_week_work_schedule",
      "provider": "provider[\"registry.terraform.io/hashicorp/aws\"]",
      "instances": [
        {
          "schema_version": 1,
          "attributes": {
            "arn": "arn:aws:events:sa-east-1:908440453673:rule/plan_next_week_work_schedule",
            "description": "Schedule for running the plan_next_week_lambda for work agenda",
            "event_bus_name": "default",
            "event_pattern": null,
            "id": "plan_next_week_work_schedule",
            "is_enabled": true,
            "name": "plan_next_week_work_schedule",
            "name_prefix": "",
            "role_arn": "",
            "schedule_expression": "cron(0 4 * * ? 0)",
            "state": "ENABLED",
            "tags": {},
            "tags_all": {}
          },
          "sensitive_attributes": [],
          "private": "eyJzY2hlbWFfdmVyc2lvbiI6IjEifQ=="
        }
      ]
    },
    {
      "mode": "managed",
      "type": "aws_cloudwatch_event_target",
      "name": "plan_next_week_personal_target",
      "provider": "provider[\"registry.terraform.io/hashicorp/aws\"]",
      "instances": [
        {
          "schema_version": 1,
          "attributes": {
            "arn": "arn:aws:lambda:sa-east-1:908440453673:function:plan_next_week_lambda",
            "batch_target": [],
            "dead_letter_config": [],
            "ecs_target": [],
            "event_bus_name": "default",
            "http_target": [],
            "id": "plan_next_week_personal_schedule-plan_next_week_lambda",
            "input": "{\"agenda_id\":\"5677e409133bbe8a6a12ccc0db9741a4d7589a0a1a3477778da3760feb2c4c56@group.calendar.google.com\"}",
            "input_path": "",
            "input_transformer": [],
            "kinesis_target": [],
            "redshift_target": [],
            "retry_policy": [],
            "role_arn": "",
            "rule": "plan_next_week_personal_schedule",
            "run_command_targets": [],
            "sagemaker_pipeline_target": [],
            "sqs_target": [],
            "target_id": "plan_next_week_lambda"
          },
          "sensitive_attributes": [],
          "private": "eyJzY2hlbWFfdmVyc2lvbiI6IjEifQ==",
          "dependencies": [
            "aws_cloudwatch_event_rule.plan_next_week_personal_schedule",
            "aws_iam_role.plan_next_week_lambda_role",
            "aws_lambda_function.plan_next_week_lambda",
            "data.aws_ssm_parameter.googlecalendar_agenda_id",
            "data.aws_ssm_parameter.googlecalendar_client_email",
            "data.aws_ssm_parameter.googlecalendar_client_id",
            "data.aws_ssm_parameter.googlecalendar_client_x509_cert_url",
            "data.aws_ssm_parameter.googlecalendar_private_key",
            "data.aws_ssm_parameter.googlecalendar_private_key_id",
            "data.aws_ssm_parameter.googlecalendar_project_id",
            "data.aws_ssm_parameter.notion_api_key"
          ]
        }
      ]
    },
    {
      "mode": "managed",
      "type": "aws_cloudwatch_event_target",
      "name": "plan_next_week_work_target",
      "provider": "provider[\"registry.terraform.io/hashicorp/aws\"]",
      "instances": [
        {
          "schema_version": 1,
          "attributes": {
            "arn": "arn:aws:lambda:sa-east-1:908440453673:function:plan_next_week_lambda",
            "batch_target": [],
            "dead_letter_config": [],
            "ecs_target": [],
            "event_bus_name": "default",
            "http_target": [],
            "id": "plan_next_week_work_schedule-plan_next_week_lambda",
            "input": "{\"agenda_id\":\"a73e7970246e334a1d8e4d80e7d96e87691eca29804c578dca7424104f685b24@group.calendar.google.com\"}",
            "input_path": "",
            "input_transformer": [],
            "kinesis_target": [],
            "redshift_target": [],
            "retry_policy": [],
            "role_arn": "",
            "rule": "plan_next_week_work_schedule",
            "run_command_targets": [],
            "sagemaker_pipeline_target": [],
            "sqs_target": [],
            "target_id": "plan_next_week_lambda"
          },
          "sensitive_attributes": [],
          "private": "eyJzY2hlbWFfdmVyc2lvbiI6IjEifQ==",
          "dependencies": [
            "aws_cloudwatch_event_rule.plan_next_week_work_schedule",
            "aws_iam_role.plan_next_week_lambda_role",
            "aws_lambda_function.plan_next_week_lambda",
            "data.aws_ssm_parameter.googlecalendar_agenda_id",
            "data.aws_ssm_parameter.googlecalendar_client_email",
            "data.aws_ssm_parameter.googlecalendar_client_id",
            "data.aws_ssm_parameter.googlecalendar_client_x509_cert_url",
            "data.aws_ssm_parameter.googlecalendar_private_key",
            "data.aws_ssm_parameter.googlecalendar_private_key_id",
            "data.aws_ssm_parameter.googlecalendar_project_id",
            "data.aws_ssm_parameter.notion_api_key"
          ]
        }
      ]
    },
    {
      "mode": "managed",
      "type": "aws_iam_role",
      "name": "plan_next_week_lambda_role",
      "provider": "provider[\"registry.terraform.io/hashicorp/aws\"]",
      "instances": [
        {
          "schema_version": 0,
          "attributes": {
            "arn": "arn:aws:iam::908440453673:role/plan_next_week_lambda_role",
            "assume_role_policy": "{\"Statement\":[{\"Action\":\"sts:AssumeRole\",\"Effect\":\"Allow\",\"Principal\":{\"Service\":\"lambda.amazonaws.com\"}}],\"Version\":\"2012-10-17\"}",
            "create_date": "2024-03-31T17:49:46Z",
            "description": "",
            "force_detach_policies": false,
            "id": "plan_next_week_lambda_role",
            "inline_policy": [
              {
                "name": "lambda_sns_publish",
                "policy": "{\"Version\":\"2012-10-17\",\"Statement\":[{\"Action\":\"sns:Publish\",\"Effect\":\"Allow\",\"Resource\":\"arn:aws:sns:sa-east-1:908440453673:plan_next_week_lambda_error_topic\"}]}"
              }
            ],
            "managed_policy_arns": [
              "arn:aws:iam::aws:policy/service-role/AWSLambdaBasicExecutionRole"
            ],
            "max_session_duration": 3600,
            "name": "plan_next_week_lambda_role",
            "name_prefix": "",
            "path": "/",
            "permissions_boundary": "",
            "tags": {},
            "tags_all": {},
            "unique_id": "AROA5HA2FIIUXVFUIWJM7"
          },
          "sensitive_attributes": [],
          "private": "bnVsbA=="
        }
      ]
    },
    {
      "mode": "managed",
      "type": "aws_iam_role_policy",
      "name": "lambda_sns_publish",
      "provider": "provider[\"registry.terraform.io/hashicorp/aws\"]",
      "instances": [
        {
          "schema_version": 0,
          "attributes": {
            "id": "plan_next_week_lambda_role:lambda_sns_publish",
            "name": "lambda_sns_publish",
            "name_prefix": "",
            "policy": "{\"Version\":\"2012-10-17\",\"Statement\":[{\"Action\":\"sns:Publish\",\"Effect\":\"Allow\",\"Resource\":\"arn:aws:sns:sa-east-1:908440453673:plan_next_week_lambda_error_topic\"}]}",
            "role": "plan_next_week_lambda_role"
          },
          "sensitive_attributes": [],
          "private": "bnVsbA==",
          "dependencies": [
            "aws_iam_role.plan_next_week_lambda_role",
            "aws_sns_topic.plan_next_week_lambda_error_topic"
          ]
        }
      ]
    },
    {
      "mode": "managed",
      "type": "aws_iam_role_policy_attachment",
      "name": "lambda_logs",
      "provider": "provider[\"registry.terraform.io/hashicorp/aws\"]",
      "instances": [
        {
          "schema_version": 0,
          "attributes": {
            "id": "plan_next_week_lambda_role-20240331175020333300000001",
            "policy_arn": "arn:aws:iam::aws:policy/service-role/AWSLambdaBasicExecutionRole",
            "role": "plan_next_week_lambda_role"
          },
          "sensitive_attributes": [],
          "private": "bnVsbA==",
          "dependencies": [
            "aws_iam_role.plan_next_week_lambda_role"
          ]
        }
      ]
    },
    {
      "mode": "managed",
      "type": "aws_lambda_function",
      "name": "plan_next_week_lambda",
      "provider": "provider[\"registry.terraform.io/hashicorp/aws\"]",
      "instances": [
        {
          "schema_version": 0,
          "attributes": {
            "architectures": [
              "x86_64"
            ],
            "arn": "arn:aws:lambda:sa-east-1:908440453673:function:plan_next_week_lambda",
            "code_signing_config_arn": "",
            "dead_letter_config": [],
            "description": "",
            "environment": [
              {
                "variables": {
                  "GOOGLE_CALENDAR_AGENDA_ID": "5677e409133bbe8a6a12ccc0db9741a4d7589a0a1a3477778da3760feb2c4c56@group.calendar.google.com",
                  "GOOGLE_CLIENT_EMAIL": "google-calendar-notion-integra@notion-integrations-417010.iam.gserviceaccount.com",
                  "GOOGLE_CLIENT_ID": "113868200485978182695",
                  "GOOGLE_CLIENT_X509_CERT_URL": "https://www.googleapis.com/robot/v1/metadata/x509/google-calendar-notion-integra%40notion-integrations-417010.iam.gserviceaccount.com",
                  "GOOGLE_PRIVATE_KEY": "-----BEGIN PRIVATE KEY-----\\nMIIEvgIBADANBgkqhkiG9w0BAQEFAASCBKgwggSkAgEAAoIBAQD6hgJ8rYyUfAij\\nzT91Jlmi3pUtab1Bd6Si4nRSZUVtdXt3Deg12KSVsdBaPtlDyiFTksx3KaLiNGu5\\nrAVSu2SwWag5ECO6lMTaSvNZcA1IK0uioJB43FnmmjaR8k2apGbIYJL3w69i5mWW\\nCUHVioxCv5g0LYcDik4RtPyTkokFZz64+9yytxbvplR1v38TwXIy49ZBwZwVyyM/\\nOn0HLRYoensEA/x5hXhVZS/QsZck3JZgGX3E/a2pWXLFfPZX4mBGMoHN415U4+iW\\nXojTEfQDTFG2ISjfY7ESqdRTmPO+rxuMtYEPnmVtdgThXBFP5kwR46aAnU4gktuH\\njB0PxAGnAgMBAAECggEATQyCH05Q+inbjmVFqwYMc2b5gmoO5t+hJud21xCGdc+4\\nFTmVvVnP5Ko3ZkoGEC9OaKGxeMS5b9CngQdC69rucL5iWop4Mp4mnOyIQ22O6C9I\\np8+yHznF/IJZXjGjZHhDlET/bmwkuMobXDWkpcRitvSuHv4RlCkpMZD0TX633Yzz\\nmvy4IaW3mnxh3J+uMPL4bGa4DMDJpuetm/IAQryXHhqvJd2Rx5hCyBJhPzDb/p7c\\neZXaAto8WolAEhTgZ51eZQ165xwSf7YhjmpIlHeK9S1SGzwkfoon9i2CLRIrucfJ\\nSXD23sAfTCgrZtvzCqHE0Dr9LaTwda8q/n+pMDJcQQKBgQD9Zjwkt8s+JvXMRnV5\\nD/tqCv4syczpwTc+q7g2tMvF+ZHZ3xcYghYKvOUfkT52tmoToi6ZitPkijhB5EoQ\\noib4CoJQP+//U245ErBOa+er0iU4wlVUbWksho4VE7mb4Bo34HMmtodeQLEwFJRs\\nS29/UNPQ5y4/TwO+4mqEdNLWyQKBgQD9GDgIeVkpGiDNxecSqCjg5H3QPRBNpCuW\\nFtdrTCvYGYxanyZnopEusks1+Z5e+jkQLHzbEtaHRSlJUyO56Sx4gqmj9P5gBkcv\\nIFx/aQsYh2n22yC58UJSjVwcZApQJd2M73GlsY1S63EpwY97el6FzocAhTzjTBo0\\nMmH36jOc7wKBgQDQmhwC4ib3eF06l/pW+hgvePM7bbk56ayP9A9HQdjKlqRB5kx+\\nCYEZv90i+o+gbJSwqv+PuOCssDiVzdhHDyXjZctXQvtQhp8jbsYjGONz6CBqNFjI\\nkvVVCUPoB//xWTBcNXK2OOcBaWI0QYzaBdO4zJJC1D2XMnXT61JizkVPOQKBgEEP\\ni7/p6dieBda/y/HI1pFRS2JPgDRlQmsXvhKwBwlLMABPryCu8qFNZfYfD+4cZrTY\\nqtPqGMm3JrDZtXJiFXN5K0Chhw6KLpxXtk9uYlLQ5JV3qQcDlOgBvK7zrI8D3NsQ\\n5mcQqGKrcXCpeEfmogvFloC0v30yn/3RAcwoIVJzAoGBAICNRTuFi3QPd1vbXUeF\\nxq9kCmoCZe7B8H4T/W3JEe9fmSAjag9rB50twfC7KK4YlCr2vgzpL65TyggOCSc3\\nKDeSwCmTNP25O98Y5WMpGDil03KTvgId6VIE/DaeQS5hq3BOjqmGcF8l7w5MND/f\\njMLmuO5DXAf99SVI382cz+6W\\n-----END PRIVATE KEY-----",
                  "GOOGLE_PRIVATE_KEY_ID": "699b4e6e40b3fdddd9fc406ffd03177f03dfcef8",
                  "GOOGLE_PROJECT_ID": "notion-integrations-417010",
                  "NOTION_API_KEY": "secret_Gdu1D1v96dtAgIoiCKpFnGRCWjNYwuV9AJBJKnGzkc1",
                  "NOTION_DATABASE_ID": "9044e0c3e3ac49b5bfddf61c9baf1032"
                }
              }
            ],
            "ephemeral_storage": [
              {
                "size": 512
              }
            ],
            "file_system_config": [],
            "filename": "../dist/plan_next_week.zip",
            "function_name": "plan_next_week_lambda",
            "handler": "omnilife_framework_automations.plan_next_week_lambda.lambda_function.lambda_handler",
            "id": "plan_next_week_lambda",
            "image_config": [],
            "image_uri": "",
            "invoke_arn": "arn:aws:apigateway:sa-east-1:lambda:path/2015-03-31/functions/arn:aws:lambda:sa-east-1:908440453673:function:plan_next_week_lambda/invocations",
            "kms_key_arn": "",
            "last_modified": "2024-03-31T18:03:42.308+0000",
            "layers": [],
            "logging_config": [
              {
                "application_log_level": "",
                "log_format": "Text",
                "log_group": "/aws/lambda/plan_next_week_lambda",
                "system_log_level": ""
              }
            ],
            "memory_size": 128,
            "package_type": "Zip",
            "publish": true,
            "qualified_arn": "arn:aws:lambda:sa-east-1:908440453673:function:plan_next_week_lambda:15",
            "qualified_invoke_arn": "arn:aws:apigateway:sa-east-1:lambda:path/2015-03-31/functions/arn:aws:lambda:sa-east-1:908440453673:function:plan_next_week_lambda:15/invocations",
            "replace_security_groups_on_destroy": null,
            "replacement_security_group_ids": null,
            "reserved_concurrent_executions": -1,
            "role": "arn:aws:iam::908440453673:role/plan_next_week_lambda_role",
            "runtime": "python3.11",
            "s3_bucket": null,
            "s3_key": null,
            "s3_object_version": null,
            "signing_job_arn": "",
            "signing_profile_version_arn": "",
            "skip_destroy": false,
            "snap_start": [],
            "source_code_hash": "qEnng97g9Ha/VQHexUxvZ6Lamd9ASRo+/QFNPLvKdHw=",
            "source_code_size": 18475311,
            "tags": {},
            "tags_all": {},
            "timeout": 90,
            "timeouts": null,
            "tracing_config": [
              {
                "mode": "PassThrough"
              }
            ],
            "version": "15",
            "vpc_config": []
          },
          "sensitive_attributes": [
            [
              {
                "type": "get_attr",
                "value": "environment"
              },
              {
                "type": "index",
                "value": {
                  "value": 0,
                  "type": "number"
                }
              },
              {
                "type": "get_attr",
                "value": "variables"
              },
              {
                "type": "index",
                "value": {
                  "value": "GOOGLE_CALENDAR_AGENDA_ID",
                  "type": "string"
                }
              }
            ],
            [
              {
                "type": "get_attr",
                "value": "environment"
              },
              {
                "type": "index",
                "value": {
                  "value": 0,
                  "type": "number"
                }
              },
              {
                "type": "get_attr",
                "value": "variables"
              },
              {
                "type": "index",
                "value": {
                  "value": "GOOGLE_CLIENT_EMAIL",
                  "type": "string"
                }
              }
            ],
            [
              {
                "type": "get_attr",
                "value": "environment"
              },
              {
                "type": "index",
                "value": {
                  "value": 0,
                  "type": "number"
                }
              },
              {
                "type": "get_attr",
                "value": "variables"
              },
              {
                "type": "index",
                "value": {
                  "value": "GOOGLE_CLIENT_ID",
                  "type": "string"
                }
              }
            ],
            [
              {
                "type": "get_attr",
                "value": "environment"
              },
              {
                "type": "index",
                "value": {
                  "value": 0,
                  "type": "number"
                }
              },
              {
                "type": "get_attr",
                "value": "variables"
              },
              {
                "type": "index",
                "value": {
                  "value": "GOOGLE_CLIENT_X509_CERT_URL",
                  "type": "string"
                }
              }
            ],
            [
              {
                "type": "get_attr",
                "value": "environment"
              },
              {
                "type": "index",
                "value": {
                  "value": 0,
                  "type": "number"
                }
              },
              {
                "type": "get_attr",
                "value": "variables"
              },
              {
                "type": "index",
                "value": {
                  "value": "GOOGLE_PRIVATE_KEY",
                  "type": "string"
                }
              }
            ],
            [
              {
                "type": "get_attr",
                "value": "environment"
              },
              {
                "type": "index",
                "value": {
                  "value": 0,
                  "type": "number"
                }
              },
              {
                "type": "get_attr",
                "value": "variables"
              },
              {
                "type": "index",
                "value": {
                  "value": "GOOGLE_PRIVATE_KEY_ID",
                  "type": "string"
                }
              }
            ],
            [
              {
                "type": "get_attr",
                "value": "environment"
              },
              {
                "type": "index",
                "value": {
                  "value": 0,
                  "type": "number"
                }
              },
              {
                "type": "get_attr",
                "value": "variables"
              },
              {
                "type": "index",
                "value": {
                  "value": "GOOGLE_PROJECT_ID",
                  "type": "string"
                }
              }
            ],
            [
              {
                "type": "get_attr",
                "value": "environment"
              },
              {
                "type": "index",
                "value": {
                  "value": 0,
                  "type": "number"
                }
              },
              {
                "type": "get_attr",
                "value": "variables"
              },
              {
                "type": "index",
                "value": {
                  "value": "NOTION_API_KEY",
                  "type": "string"
                }
              }
            ]
          ],
          "private": "eyJlMmJmYjczMC1lY2FhLTExZTYtOGY4OC0zNDM2M2JjN2M0YzAiOnsiY3JlYXRlIjo2MDAwMDAwMDAwMDAsImRlbGV0ZSI6NjAwMDAwMDAwMDAwLCJ1cGRhdGUiOjYwMDAwMDAwMDAwMH19",
          "dependencies": [
            "aws_iam_role.plan_next_week_lambda_role",
            "data.aws_ssm_parameter.googlecalendar_agenda_id",
            "data.aws_ssm_parameter.googlecalendar_client_email",
            "data.aws_ssm_parameter.googlecalendar_client_id",
            "data.aws_ssm_parameter.googlecalendar_client_x509_cert_url",
            "data.aws_ssm_parameter.googlecalendar_private_key",
            "data.aws_ssm_parameter.googlecalendar_private_key_id",
            "data.aws_ssm_parameter.googlecalendar_project_id",
            "data.aws_ssm_parameter.notion_api_key"
          ]
        }
      ]
    },
    {
      "mode": "managed",
      "type": "aws_lambda_function_event_invoke_config",
      "name": "plan_next_week_lambda_event_invoke_config",
      "provider": "provider[\"registry.terraform.io/hashicorp/aws\"]",
      "instances": [
        {
          "schema_version": 0,
          "attributes": {
            "destination_config": [
              {
                "on_failure": [
                  {
                    "destination": "arn:aws:sns:sa-east-1:908440453673:plan_next_week_lambda_error_topic"
                  }
                ],
                "on_success": []
              }
            ],
            "function_name": "plan_next_week_lambda",
            "id": "plan_next_week_lambda",
            "maximum_event_age_in_seconds": 0,
            "maximum_retry_attempts": 2,
            "qualifier": ""
          },
          "sensitive_attributes": [],
          "private": "bnVsbA==",
          "dependencies": [
            "aws_iam_role.plan_next_week_lambda_role",
            "aws_lambda_function.plan_next_week_lambda",
            "aws_sns_topic.plan_next_week_lambda_error_topic",
            "data.aws_ssm_parameter.googlecalendar_agenda_id",
            "data.aws_ssm_parameter.googlecalendar_client_email",
            "data.aws_ssm_parameter.googlecalendar_client_id",
            "data.aws_ssm_parameter.googlecalendar_client_x509_cert_url",
            "data.aws_ssm_parameter.googlecalendar_private_key",
            "data.aws_ssm_parameter.googlecalendar_private_key_id",
            "data.aws_ssm_parameter.googlecalendar_project_id",
            "data.aws_ssm_parameter.notion_api_key"
          ]
        }
      ]
    },
    {
      "mode": "managed",
      "type": "aws_lambda_permission",
      "name": "allow_cloudwatch_personal",
      "provider": "provider[\"registry.terraform.io/hashicorp/aws\"]",
      "instances": [
        {
          "schema_version": 0,
          "attributes": {
            "action": "lambda:InvokeFunction",
            "event_source_token": null,
            "function_name": "plan_next_week_lambda",
            "function_url_auth_type": null,
            "id": "AllowExecutionFromCloudWatch_personal",
            "principal": "events.amazonaws.com",
            "principal_org_id": null,
            "qualifier": "",
            "source_account": null,
            "source_arn": "arn:aws:events:sa-east-1:908440453673:rule/plan_next_week_personal_schedule",
            "statement_id": "AllowExecutionFromCloudWatch_personal",
            "statement_id_prefix": ""
          },
          "sensitive_attributes": [],
          "private": "bnVsbA==",
          "dependencies": [
            "aws_cloudwatch_event_rule.plan_next_week_personal_schedule",
            "aws_iam_role.plan_next_week_lambda_role",
            "aws_lambda_function.plan_next_week_lambda",
            "data.aws_ssm_parameter.googlecalendar_agenda_id",
            "data.aws_ssm_parameter.googlecalendar_client_email",
            "data.aws_ssm_parameter.googlecalendar_client_id",
            "data.aws_ssm_parameter.googlecalendar_client_x509_cert_url",
            "data.aws_ssm_parameter.googlecalendar_private_key",
            "data.aws_ssm_parameter.googlecalendar_private_key_id",
            "data.aws_ssm_parameter.googlecalendar_project_id",
            "data.aws_ssm_parameter.notion_api_key"
          ]
        }
      ]
    },
    {
      "mode": "managed",
      "type": "aws_lambda_permission",
      "name": "allow_cloudwatch_work",
      "provider": "provider[\"registry.terraform.io/hashicorp/aws\"]",
      "instances": [
        {
          "schema_version": 0,
          "attributes": {
            "action": "lambda:InvokeFunction",
            "event_source_token": null,
            "function_name": "plan_next_week_lambda",
            "function_url_auth_type": null,
            "id": "AllowExecutionFromCloudWatch_work",
            "principal": "events.amazonaws.com",
            "principal_org_id": null,
            "qualifier": "",
            "source_account": null,
            "source_arn": "arn:aws:events:sa-east-1:908440453673:rule/plan_next_week_work_schedule",
            "statement_id": "AllowExecutionFromCloudWatch_work",
            "statement_id_prefix": ""
          },
          "sensitive_attributes": [],
          "private": "bnVsbA==",
          "dependencies": [
            "aws_cloudwatch_event_rule.plan_next_week_work_schedule",
            "aws_iam_role.plan_next_week_lambda_role",
            "aws_lambda_function.plan_next_week_lambda",
            "data.aws_ssm_parameter.googlecalendar_agenda_id",
            "data.aws_ssm_parameter.googlecalendar_client_email",
            "data.aws_ssm_parameter.googlecalendar_client_id",
            "data.aws_ssm_parameter.googlecalendar_client_x509_cert_url",
            "data.aws_ssm_parameter.googlecalendar_private_key",
            "data.aws_ssm_parameter.googlecalendar_private_key_id",
            "data.aws_ssm_parameter.googlecalendar_project_id",
            "data.aws_ssm_parameter.notion_api_key"
          ]
        }
      ]
    },
    {
      "mode": "managed",
      "type": "aws_sns_topic",
      "name": "plan_next_week_lambda_error_topic",
      "provider": "provider[\"registry.terraform.io/hashicorp/aws\"]",
      "instances": [
        {
          "schema_version": 0,
          "attributes": {
            "application_failure_feedback_role_arn": "",
            "application_success_feedback_role_arn": "",
            "application_success_feedback_sample_rate": 0,
            "archive_policy": "",
            "arn": "arn:aws:sns:sa-east-1:908440453673:plan_next_week_lambda_error_topic",
            "beginning_archive_time": "",
            "content_based_deduplication": false,
            "delivery_policy": "",
            "display_name": "",
            "fifo_topic": false,
            "firehose_failure_feedback_role_arn": "",
            "firehose_success_feedback_role_arn": "",
            "firehose_success_feedback_sample_rate": 0,
            "http_failure_feedback_role_arn": "",
            "http_success_feedback_role_arn": "",
            "http_success_feedback_sample_rate": 0,
            "id": "arn:aws:sns:sa-east-1:908440453673:plan_next_week_lambda_error_topic",
            "kms_master_key_id": "",
            "lambda_failure_feedback_role_arn": "",
            "lambda_success_feedback_role_arn": "",
            "lambda_success_feedback_sample_rate": 0,
            "name": "plan_next_week_lambda_error_topic",
            "name_prefix": "",
            "owner": "908440453673",
            "policy": "{\"Id\":\"__default_policy_ID\",\"Statement\":[{\"Action\":[\"SNS:GetTopicAttributes\",\"SNS:SetTopicAttributes\",\"SNS:AddPermission\",\"SNS:RemovePermission\",\"SNS:DeleteTopic\",\"SNS:Subscribe\",\"SNS:ListSubscriptionsByTopic\",\"SNS:Publish\"],\"Condition\":{\"StringEquals\":{\"AWS:SourceOwner\":\"908440453673\"}},\"Effect\":\"Allow\",\"Principal\":{\"AWS\":\"*\"},\"Resource\":\"arn:aws:sns:sa-east-1:908440453673:plan_next_week_lambda_error_topic\",\"Sid\":\"__default_statement_ID\"}],\"Version\":\"2008-10-17\"}",
            "signature_version": 0,
            "sqs_failure_feedback_role_arn": "",
            "sqs_success_feedback_role_arn": "",
            "sqs_success_feedback_sample_rate": 0,
            "tags": {},
            "tags_all": {},
            "tracing_config": ""
          },
          "sensitive_attributes": [],
          "private": "bnVsbA=="
        }
      ]
    },
    {
      "mode": "managed",
      "type": "aws_sns_topic_subscription",
      "name": "plan_next_week_lambda_error_topic_subscription",
      "provider": "provider[\"registry.terraform.io/hashicorp/aws\"]",
      "instances": [
        {
          "schema_version": 0,
          "attributes": {
            "arn": "arn:aws:sns:sa-east-1:908440453673:plan_next_week_lambda_error_topic:ddeedd63-3bd7-48f8-8846-350cd75702b3",
            "confirmation_timeout_in_minutes": 1,
            "confirmation_was_authenticated": false,
            "delivery_policy": "",
            "endpoint": "alexandre.osada.dev@gmail.com",
            "endpoint_auto_confirms": false,
            "filter_policy": "",
            "filter_policy_scope": "",
            "id": "arn:aws:sns:sa-east-1:908440453673:plan_next_week_lambda_error_topic:ddeedd63-3bd7-48f8-8846-350cd75702b3",
            "owner_id": "908440453673",
            "pending_confirmation": true,
            "protocol": "email",
            "raw_message_delivery": false,
            "redrive_policy": "",
            "replay_policy": "",
            "subscription_role_arn": "",
            "topic_arn": "arn:aws:sns:sa-east-1:908440453673:plan_next_week_lambda_error_topic"
          },
          "sensitive_attributes": [],
          "private": "bnVsbA==",
          "dependencies": [
            "aws_sns_topic.plan_next_week_lambda_error_topic"
          ]
        }
      ]
    }
  ],
  "check_results": null
}
